
Microsoft Visual Studio Solution File, Format Version 12.00
# Visual Studio Version 17
VisualStudioVersion = 17.13.35825.156 d17.13
MinimumVisualStudioVersion = 10.0.40219.1
Project("{FAE04EC0-301F-11D3-BF4B-00C04F79EFBC}") = "MiniBankSystemOOP", "MiniBankSystemOOP.csproj", "{585382B3-8D71-4C81-83A8-BE7F87E6B10E}"
EndProject
Global
	GlobalSection(SolutionConfigurationPlatforms) = preSolution
		Debug|Any CPU = Debug|Any CPU
		Release|Any CPU = Release|Any CPU
	EndGlobalSection
	GlobalSection(ProjectConfigurationPlatforms) = postSolution
		{585382B3-8D71-4C81-83A8-BE7F87E6B10E}.Debug|Any CPU.ActiveCfg = Debug|Any CPU
		{585382B3-8D71-4C81-83A8-BE7F87E6B10E}.Debug|Any CPU.Build.0 = Debug|Any CPU
		{585382B3-8D71-4C81-83A8-BE7F87E6B10E}.Release|Any CPU.ActiveCfg = Release|Any CPU
		{585382B3-8D71-4C81-83A8-BE7F87E6B10E}.Release|Any CPU.Build.0 = Release|Any CPU
	EndGlobalSection
	GlobalSection(SolutionProperties) = preSolution
		HideSolutionNode = FALSE
	EndGlobalSection
	GlobalSection(ExtensibilityGlobals) = postSolution
		SolutionGuid = {F1C2003E-3519-4A6D-AB92-0144619F0C42}
	EndGlobalSection
EndGlobal
